{
  "name": "my-demo-app",
  "version": "1.0.0",
  "lockfileVersion": 2,
  "requires": true,
  "packages": {
    "": {
      "version": "1.0.0",
      "license": "ISC",
      "dependencies": {
        "@inrupt/solid-client": "^1.10.0",
        "@inrupt/solid-client-authn-browser": "^1.9.1",
        "@inrupt/vocab-common-rdf": "^0.7.4",
        "buffer": "^6.0.3",
        "events": "^3.3.0"
      }
    },
    "node_modules/@inrupt/jose-legacy-modules": {
      "version": "0.0.3-3.13.0",
      "resolved": "https://registry.npmjs.org/@inrupt/jose-legacy-modules/-/jose-legacy-modules-0.0.3-3.13.0.tgz",
      "integrity": "sha512-r5+0/cF8BSpSslqC++/Fv7vJi6xAklWQDip2xIF5v/iIEYBjH7kVubqqil9uWz92npT2+SUolPBcNFcVAT9qdw==",
      "dependencies": {
        "jose": "3.13.0"
      }
    },
    "node_modules/@inrupt/oidc-client-ext": {
      "version": "1.9.1",
      "resolved": "https://registry.npmjs.org/@inrupt/oidc-client-ext/-/oidc-client-ext-1.9.1.tgz",
      "integrity": "sha512-A4O0/75My1UyUqvBajxudBHcg6p+cJGVpiTl4d2y+wc7LiNIympU10ky8MwNXUg4hHVZkwMQB2VM7pwO7oX5Eg==",
      "dependencies": {
        "@inrupt/jose-legacy-modules": "0.0.3-3.13.0",
        "@inrupt/solid-client-authn-core": "^1.9.1",
        "@types/uuid": "^8.3.0",
        "form-urlencoded": "~6.0.3",
        "oidc-client": "^1.11.3",
        "uuid": "^8.3.1"
      }
    },
    "node_modules/@inrupt/solid-client": {
      "version": "1.10.0",
      "resolved": "https://registry.npmjs.org/@inrupt/solid-client/-/solid-client-1.10.0.tgz",
      "integrity": "sha512-/zr2jTcQ4yCiDIgFWSND5tirTAnaS1c2jPkbDRtcrDqYjJM87Y+PLW3Hfv21tH7jnPGWoBxC6sYMxD/bn17b2Q==",
      "dependencies": {
        "@rdfjs/dataset": "^1.1.0",
        "@rdfjs/types": "^1.0.1",
        "@types/n3": "^1.10.0",
        "@types/rdfjs__dataset": "^1.0.4",
        "cross-fetch": "^3.0.4",
        "http-link-header": "^1.0.2",
        "n3": "^1.10.0"
      }
    },
    "node_modules/@inrupt/solid-client-authn-browser": {
      "version": "1.9.1",
      "resolved": "https://registry.npmjs.org/@inrupt/solid-client-authn-browser/-/solid-client-authn-browser-1.9.1.tgz",
      "integrity": "sha512-akQ6zJ1+861g9d9SD2E7Fo5BfvEv16FLeuj/tUI/41Q1WCNvVNq+5F2XD3t2nwGrVpk703QcwbptTY5kH5T7Ow==",
      "dependencies": {
        "@inrupt/jose-legacy-modules": "0.0.3-3.13.0",
        "@inrupt/oidc-client-ext": "^1.9.1",
        "@inrupt/solid-client-authn-core": "^1.9.1",
        "@types/lodash.clonedeep": "^4.5.6",
        "@types/node": "^15.0.1",
        "@types/uuid": "^8.3.0",
        "lodash.clonedeep": "^4.5.0",
        "uuid": "^8.3.1"
      }
    },
    "node_modules/@inrupt/solid-client-authn-core": {
      "version": "1.9.1",
      "resolved": "https://registry.npmjs.org/@inrupt/solid-client-authn-core/-/solid-client-authn-core-1.9.1.tgz",
      "integrity": "sha512-w3hAJPmlJhyl0LMf8GWI+pObphlki9Z2IjxXMXTd3v1sTERuZjjv45LkkctUUC8liErun4VYpcfvXJvsJHTONQ==",
      "dependencies": {
        "@inrupt/jose-legacy-modules": "0.0.3-3.13.0",
        "@inrupt/solid-common-vocab": "^0.5.3",
        "@types/lodash.clonedeep": "^4.5.6",
        "@types/uuid": "^8.3.0",
        "cross-fetch": "^3.0.6",
        "lodash.clonedeep": "^4.5.0",
        "uuid": "^8.3.1"
      }
    },
    "node_modules/@inrupt/solid-common-vocab": {
      "version": "0.5.3",
      "resolved": "https://registry.npmjs.org/@inrupt/solid-common-vocab/-/solid-common-vocab-0.5.3.tgz",
      "integrity": "sha512-/BKKIInQaP/D6tCFOvViN2Duv2RLAbXCNpQUtQjkz3t6cbmxPBTwGuvwDLan7R+yLJhbiJmJP4yNYEw/5Zc+Rg==",
      "dependencies": {
        "@types/rdf-js": "4.0.0"
      }
    },
    "node_modules/@inrupt/vocab-common-rdf": {
      "version": "0.7.4",
      "resolved": "https://registry.npmjs.org/@inrupt/vocab-common-rdf/-/vocab-common-rdf-0.7.4.tgz",
      "integrity": "sha512-FS5iyRV4TA8lHr5l2H8G9Ibua7DKijeHVN8w6R4w3MZs5YI6Ydaczpuf3yqPVj73Tg5LLLxlX3I4K2cf8u1fGg==",
      "dependencies": {
        "@types/rdf-js": "^4.0.0",
        "rdf-data-factory": "^1.0.4"
      }
    },
    "node_modules/@rdfjs/data-model": {
      "version": "1.3.2",
      "resolved": "https://registry.npmjs.org/@rdfjs/data-model/-/data-model-1.3.2.tgz",
      "integrity": "sha512-nzj6yrUFhWIkPTZ+6faXfmtTttGmkEL73gxv7/nYF56IgagQKc5mSDoTaluCO/h8S9jq30JbpUJInKx9LOdOVw==",
      "dependencies": {
        "@types/rdf-js": "*"
      },
      "bin": {
        "rdfjs-data-model-test": "bin/test.js"
      }
    },
    "node_modules/@rdfjs/dataset": {
      "version": "1.1.1",
      "resolved": "https://registry.npmjs.org/@rdfjs/dataset/-/dataset-1.1.1.tgz",
      "integrity": "sha512-BNwCSvG0cz0srsG5esq6CQKJc1m8g/M0DZpLuiEp0MMpfwguXX7VeS8TCg4UUG3DV/DqEvhy83ZKSEjdsYseeA==",
      "dependencies": {
        "@rdfjs/data-model": "^1.2.0"
      },
      "bin": {
        "rdfjs-dataset-test": "bin/test.js"
      }
    },
    "node_modules/@rdfjs/types": {
      "version": "1.0.1",
      "resolved": "https://registry.npmjs.org/@rdfjs/types/-/types-1.0.1.tgz",
      "integrity": "sha512-YxVkH0XrCNG3MWeZxfg596GFe+oorTVusmNxRP6ZHTsGczZ8AGvG3UchRNkg3Fy4MyysI7vBAA5YZbESL+VmHQ==",
      "dependencies": {
        "@types/node": "*"
      }
    },
    "node_modules/@types/lodash": {
      "version": "4.14.170",
      "resolved": "https://registry.npmjs.org/@types/lodash/-/lodash-4.14.170.tgz",
      "integrity": "sha512-bpcvu/MKHHeYX+qeEN8GE7DIravODWdACVA1ctevD8CN24RhPZIKMn9ntfAsrvLfSX3cR5RrBKAbYm9bGs0A+Q=="
    },
    "node_modules/@types/lodash.clonedeep": {
      "version": "4.5.6",
      "resolved": "https://registry.npmjs.org/@types/lodash.clonedeep/-/lodash.clonedeep-4.5.6.tgz",
      "integrity": "sha512-cE1jYr2dEg1wBImvXlNtp0xDoS79rfEdGozQVgliDZj1uERH4k+rmEMTudP9b4VQ8O6nRb5gPqft0QzEQGMQgA==",
      "dependencies": {
        "@types/lodash": "*"
      }
    },
    "node_modules/@types/n3": {
      "version": "1.10.0",
      "resolved": "https://registry.npmjs.org/@types/n3/-/n3-1.10.0.tgz",
      "integrity": "sha512-PTr6D6IV3l+dG0Og6E2vHVyXNAyOjEPEz1si3htgo9bkgjIj+9HDS68cbXjAxH7P5bDzyL1Cu5yaHZwjKYtLAw==",
      "dependencies": {
        "@types/node": "*",
        "rdf-js": "^4.0.2"
      }
    },
    "node_modules/@types/node": {
      "version": "15.14.1",
      "resolved": "https://registry.npmjs.org/@types/node/-/node-15.14.1.tgz",
      "integrity": "sha512-wF6hazbsnwaW3GhK4jFuw5NaLDQVRQ6pWQUGAUrJzxixFkTaODSiAKMPXuHwPEPkAKQWHAzj6uJ5h+3zU9gQxg=="
    },
    "node_modules/@types/rdf-js": {
      "version": "4.0.0",
      "resolved": "https://registry.npmjs.org/@types/rdf-js/-/rdf-js-4.0.0.tgz",
      "integrity": "sha512-2uaR7ks0380MqzUWGOPOOk9yZIr/6MOaCcaj3ntKgd2PqNocgi8j5kSHIJTDe+5ABtTHqKMSE0v0UqrsT8ibgQ==",
      "dependencies": {
        "@types/node": "*"
      }
    },
    "node_modules/@types/rdfjs__dataset": {
      "version": "1.0.5",
      "resolved": "https://registry.npmjs.org/@types/rdfjs__dataset/-/rdfjs__dataset-1.0.5.tgz",
      "integrity": "sha512-8OBC9Kr/ZSgNoUTe5mHTDPHaPt8Xen4XbYfqcbYv56d+4WdKliHXaFmFc0L4I5vsynE5JGu21Hvg2zWgX1Az6Q==",
      "dependencies": {
        "rdf-js": "^4.0.2"
      }
    },
    "node_modules/@types/uuid": {
      "version": "8.3.1",
      "resolved": "https://registry.npmjs.org/@types/uuid/-/uuid-8.3.1.tgz",
      "integrity": "sha512-Y2mHTRAbqfFkpjldbkHGY8JIzRN6XqYRliG8/24FcHm2D2PwW24fl5xMRTVGdrb7iMrwCaIEbLWerGIkXuFWVg=="
    },
    "node_modules/acorn": {
      "version": "7.4.1",
      "resolved": "https://registry.npmjs.org/acorn/-/acorn-7.4.1.tgz",
      "integrity": "sha512-nQyp0o1/mNdbTO1PO6kHkwSrmgZ0MT/jCCpNiwbUjGoRN4dlBhqJtoQuCnEOKzgTVwg0ZWiCoQy6SxMebQVh8A==",
      "bin": {
        "acorn": "bin/acorn"
      },
      "engines": {
        "node": ">=0.4.0"
      }
    },
    "node_modules/base64-js": {
      "version": "1.5.1",
      "resolved": "https://registry.npmjs.org/base64-js/-/base64-js-1.5.1.tgz",
      "integrity": "sha512-AKpaYlHn8t4SVbOHCy+b5+KKgvR4vrsD8vbvrbiQJps7fKDTkjkDry6ji0rUJjC0kzbNePLwzxq8iypo41qeWA==",
      "funding": [
        {
          "type": "github",
          "url": "https://github.com/sponsors/feross"
        },
        {
          "type": "patreon",
          "url": "https://www.patreon.com/feross"
        },
        {
          "type": "consulting",
          "url": "https://feross.org/support"
        }
      ]
    },
    "node_modules/buffer": {
      "version": "6.0.3",
      "resolved": "https://registry.npmjs.org/buffer/-/buffer-6.0.3.tgz",
      "integrity": "sha512-FTiCpNxtwiZZHEZbcbTIcZjERVICn9yq/pDFkTl95/AxzD1naBctN7YO68riM/gLSDY7sdrMby8hofADYuuqOA==",
      "funding": [
        {
          "type": "github",
          "url": "https://github.com/sponsors/feross"
        },
        {
          "type": "patreon",
          "url": "https://www.patreon.com/feross"
        },
        {
          "type": "consulting",
          "url": "https://feross.org/support"
        }
      ],
      "dependencies": {
        "base64-js": "^1.3.1",
        "ieee754": "^1.2.1"
      }
    },
    "node_modules/core-js": {
      "version": "3.15.2",
      "resolved": "https://registry.npmjs.org/core-js/-/core-js-3.15.2.tgz",
      "integrity": "sha512-tKs41J7NJVuaya8DxIOCnl8QuPHx5/ZVbFo1oKgVl1qHFBBrDctzQGtuLjPpRdNTWmKPH6oEvgN/MUID+l485Q==",
      "hasInstallScript": true,
      "funding": {
        "type": "opencollective",
        "url": "https://opencollective.com/core-js"
      }
    },
    "node_modules/cross-fetch": {
      "version": "3.1.4",
      "resolved": "https://registry.npmjs.org/cross-fetch/-/cross-fetch-3.1.4.tgz",
      "integrity": "sha512-1eAtFWdIubi6T4XPy6ei9iUFoKpUkIF971QLN8lIvvvwueI65+Nw5haMNKUwfJxabqlIIDODJKGrQ66gxC0PbQ==",
      "dependencies": {
        "node-fetch": "2.6.1"
      }
    },
    "node_modules/crypto-js": {
      "version": "4.0.0",
      "resolved": "https://registry.npmjs.org/crypto-js/-/crypto-js-4.0.0.tgz",
      "integrity": "sha512-bzHZN8Pn+gS7DQA6n+iUmBfl0hO5DJq++QP3U6uTucDtk/0iGpXd/Gg7CGR0p8tJhofJyaKoWBuJI4eAO00BBg=="
    },
    "node_modules/events": {
      "version": "3.3.0",
      "resolved": "https://registry.npmjs.org/events/-/events-3.3.0.tgz",
      "integrity": "sha512-mQw+2fkQbALzQ7V0MY0IqdnXNOeTtP4r0lN9z7AAawCXgqea7bDii20AYrIBrFd/Hx0M2Ocz6S111CaFkUcb0Q==",
      "engines": {
        "node": ">=0.8.x"
      }
    },
    "node_modules/form-urlencoded": {
      "version": "6.0.4",
      "resolved": "https://registry.npmjs.org/form-urlencoded/-/form-urlencoded-6.0.4.tgz",
      "integrity": "sha512-39GnqmnZkThJBXiKhBCrBGPKiwFHDgi3lcGO3SfURjXoz9x8quxNRTiIWViYN+QzQXxxl/uyKm+i+0PCj7Aqbw=="
    },
    "node_modules/http-link-header": {
      "version": "1.0.3",
      "resolved": "https://registry.npmjs.org/http-link-header/-/http-link-header-1.0.3.tgz",
      "integrity": "sha512-nARK1wSKoBBrtcoESlHBx36c1Ln/gnbNQi1eB6MeTUefJIT3NvUOsV15bClga0k38f0q/kN5xxrGSDS3EFnm9w==",
      "engines": {
        "node": ">=4.0.0"
      }
    },
    "node_modules/ieee754": {
      "version": "1.2.1",
      "resolved": "https://registry.npmjs.org/ieee754/-/ieee754-1.2.1.tgz",
      "integrity": "sha512-dcyqhDvX1C46lXZcVqCpK+FtMRQVdIMN6/Df5js2zouUsqG7I6sFxitIC+7KYK29KdXOLHdu9zL4sFnoVQnqaA==",
      "funding": [
        {
          "type": "github",
          "url": "https://github.com/sponsors/feross"
        },
        {
          "type": "patreon",
          "url": "https://www.patreon.com/feross"
        },
        {
          "type": "consulting",
          "url": "https://feross.org/support"
        }
      ]
    },
    "node_modules/inherits": {
      "version": "2.0.4",
      "resolved": "https://registry.npmjs.org/inherits/-/inherits-2.0.4.tgz",
      "integrity": "sha512-k/vGaX4/Yla3WzyMCvTQOXYeIHvqOKtnqBduzTHpzpQZzAskKMhZ2K+EnBiSM9zGSoIFeMpXKxa4dYeZIQqewQ=="
    },
    "node_modules/jose": {
      "version": "3.13.0",
      "resolved": "https://registry.npmjs.org/jose/-/jose-3.13.0.tgz",
      "integrity": "sha512-tTZayOvpOX8y/W7FuCL6Sma9sElbA80ImDck86a6ge70lyBpQngx557PtP9Aro4SLEOPtZVVxM1P/boPzy+m7A==",
      "funding": {
        "url": "https://github.com/sponsors/panva"
      }
    },
    "node_modules/lodash.clonedeep": {
      "version": "4.5.0",
      "resolved": "https://registry.npmjs.org/lodash.clonedeep/-/lodash.clonedeep-4.5.0.tgz",
      "integrity": "sha1-4j8/nE+Pvd6HJSnBBxhXoIblzO8="
    },
    "node_modules/n3": {
      "version": "1.11.0",
      "resolved": "https://registry.npmjs.org/n3/-/n3-1.11.0.tgz",
      "integrity": "sha512-hdGhm7BbiesuQTm2S4Gsq2Z0J/iCRMsvtmrlLNxzXlnf1aSRsbKQk5XkFNKtX9aS54oKzyGSZUVm7F/IOhmFhg==",
      "dependencies": {
        "queue-microtask": "^1.1.2",
        "readable-stream": "^3.6.0"
      },
      "engines": {
        "node": ">=8.0"
      }
    },
    "node_modules/node-fetch": {
      "version": "2.6.1",
      "resolved": "https://registry.npmjs.org/node-fetch/-/node-fetch-2.6.1.tgz",
      "integrity": "sha512-V4aYg89jEoVRxRb2fJdAg8FHvI7cEyYdVAh94HH0UIK8oJxUfkjlDQN9RbMx+bEjP7+ggMiFRprSti032Oipxw==",
      "engines": {
        "node": "4.x || >=6.0.0"
      }
    },
    "node_modules/oidc-client": {
      "version": "1.11.5",
      "resolved": "https://registry.npmjs.org/oidc-client/-/oidc-client-1.11.5.tgz",
      "integrity": "sha512-LcKrKC8Av0m/KD/4EFmo9Sg8fSQ+WFJWBrmtWd+tZkNn3WT/sQG3REmPANE9tzzhbjW6VkTNy4xhAXCfPApAOg==",
      "dependencies": {
        "acorn": "^7.4.1",
        "base64-js": "^1.5.1",
        "core-js": "^3.8.3",
        "crypto-js": "^4.0.0",
        "serialize-javascript": "^4.0.0"
      }
    },
    "node_modules/queue-microtask": {
      "version": "1.2.3",
      "resolved": "https://registry.npmjs.org/queue-microtask/-/queue-microtask-1.2.3.tgz",
      "integrity": "sha512-NuaNSa6flKT5JaSYQzJok04JzTL1CA6aGhv5rfLW3PgqA+M2ChpZQnAC8h8i4ZFkBS8X5RqkDBHA7r4hej3K9A==",
      "funding": [
        {
          "type": "github",
          "url": "https://github.com/sponsors/feross"
        },
        {
          "type": "patreon",
          "url": "https://www.patreon.com/feross"
        },
        {
          "type": "consulting",
          "url": "https://feross.org/support"
        }
      ]
    },
    "node_modules/randombytes": {
      "version": "2.1.0",
      "resolved": "https://registry.npmjs.org/randombytes/-/randombytes-2.1.0.tgz",
      "integrity": "sha512-vYl3iOX+4CKUWuxGi9Ukhie6fsqXqS9FE2Zaic4tNFD2N2QQaXOMFbuKK4QmDHC0JO6B1Zp41J0LpT0oR68amQ==",
      "dependencies": {
        "safe-buffer": "^5.1.0"
      }
    },
    "node_modules/rdf-data-factory": {
      "version": "1.0.4",
      "resolved": "https://registry.npmjs.org/rdf-data-factory/-/rdf-data-factory-1.0.4.tgz",
      "integrity": "sha512-ZIIwEkLcV7cTc+atvQFzAETFVRHz1BRe/MhdkZqYse8vxskErj8/bF/Ittc3B5c0GTyw6O3jVF2V7xBRGyRoSQ==",
      "dependencies": {
        "@types/rdf-js": "*"
      }
    },
    "node_modules/rdf-js": {
      "version": "4.0.2",
      "resolved": "https://registry.npmjs.org/rdf-js/-/rdf-js-4.0.2.tgz",
      "integrity": "sha512-ApvlFa/WsQh8LpPK/6hctQwG06Z9ztQQGWVtrcrf9L6+sejHNXLPOqL+w7q3hF+iL0C4sv3AX1PUtGkLNzyZ0Q==",
      "dependencies": {
        "@rdfjs/types": "*"
      }
    },
    "node_modules/readable-stream": {
      "version": "3.6.0",
      "resolved": "https://registry.npmjs.org/readable-stream/-/readable-stream-3.6.0.tgz",
      "integrity": "sha512-BViHy7LKeTz4oNnkcLJ+lVSL6vpiFeX6/d3oSH8zCW7UxP2onchk+vTGB143xuFjHS3deTgkKoXXymXqymiIdA==",
      "dependencies": {
        "inherits": "^2.0.3",
        "string_decoder": "^1.1.1",
        "util-deprecate": "^1.0.1"
      },
      "engines": {
        "node": ">= 6"
      }
    },
    "node_modules/safe-buffer": {
      "version": "5.2.1",
      "resolved": "https://registry.npmjs.org/safe-buffer/-/safe-buffer-5.2.1.tgz",
      "integrity": "sha512-rp3So07KcdmmKbGvgaNxQSJr7bGVSVk5S9Eq1F+ppbRo70+YeaDxkw5Dd8NPN+GD6bjnYm2VuPuCXmpuYvmCXQ==",
      "funding": [
        {
          "type": "github",
          "url": "https://github.com/sponsors/feross"
        },
        {
          "type": "patreon",
          "url": "https://www.patreon.com/feross"
        },
        {
          "type": "consulting",
          "url": "https://feross.org/support"
        }
      ]
    },
    "node_modules/serialize-javascript": {
      "version": "4.0.0",
      "resolved": "https://registry.npmjs.org/serialize-javascript/-/serialize-javascript-4.0.0.tgz",
      "integrity": "sha512-GaNA54380uFefWghODBWEGisLZFj00nS5ACs6yHa9nLqlLpVLO8ChDGeKRjZnV4Nh4n0Qi7nhYZD/9fCPzEqkw==",
      "dependencies": {
        "randombytes": "^2.1.0"
      }
    },
    "node_modules/string_decoder": {
      "version": "1.3.0",
      "resolved": "https://registry.npmjs.org/string_decoder/-/string_decoder-1.3.0.tgz",
      "integrity": "sha512-hkRX8U1WjJFd8LsDJ2yQ/wWWxaopEsABU1XfkM8A+j0+85JAGppt16cr1Whg6KIbb4okU6Mql6BOj+uup/wKeA==",
      "dependencies": {
        "safe-buffer": "~5.2.0"
      }
    },
    "node_modules/util-deprecate": {
      "version": "1.0.2",
      "resolved": "https://registry.npmjs.org/util-deprecate/-/util-deprecate-1.0.2.tgz",
      "integrity": "sha1-RQ1Nyfpw3nMnYvvS1KKJgUGaDM8="
    },
    "node_modules/uuid": {
      "version": "8.3.2",
      "resolved": "https://registry.npmjs.org/uuid/-/uuid-8.3.2.tgz",
      "integrity": "sha512-+NYs2QeMWy+GWFOEm9xnn6HCDp0l7QBD7ml8zLUmJ+93Q5NF0NocErnwkTkXVFNiX3/fpC6afS8Dhb/gz7R7eg==",
      "bin": {
        "uuid": "dist/bin/uuid"
      }
    }
  },
  "dependencies": {
    "@inrupt/jose-legacy-modules": {
      "version": "0.0.3-3.13.0",
      "resolved": "https://registry.npmjs.org/@inrupt/jose-legacy-modules/-/jose-legacy-modules-0.0.3-3.13.0.tgz",
      "integrity": "sha512-r5+0/cF8BSpSslqC++/Fv7vJi6xAklWQDip2xIF5v/iIEYBjH7kVubqqil9uWz92npT2+SUolPBcNFcVAT9qdw==",
      "requires": {
        "jose": "3.13.0"
      }
    },
    "@inrupt/oidc-client-ext": {
      "version": "1.9.1",
      "resolved": "https://registry.npmjs.org/@inrupt/oidc-client-ext/-/oidc-client-ext-1.9.1.tgz",
      "integrity": "sha512-A4O0/75My1UyUqvBajxudBHcg6p+cJGVpiTl4d2y+wc7LiNIympU10ky8MwNXUg4hHVZkwMQB2VM7pwO7oX5Eg==",
      "requires": {
        "@inrupt/jose-legacy-modules": "0.0.3-3.13.0",
        "@inrupt/solid-client-authn-core": "^1.9.1",
        "@types/uuid": "^8.3.0",
        "form-urlencoded": "~6.0.3",
        "oidc-client": "^1.11.3",
        "uuid": "^8.3.1"
      }
    },
    "@inrupt/solid-client": {
      "version": "1.10.0",
      "resolved": "https://registry.npmjs.org/@inrupt/solid-client/-/solid-client-1.10.0.tgz",
      "integrity": "sha512-/zr2jTcQ4yCiDIgFWSND5tirTAnaS1c2jPkbDRtcrDqYjJM87Y+PLW3Hfv21tH7jnPGWoBxC6sYMxD/bn17b2Q==",
      "requires": {
        "@rdfjs/dataset": "^1.1.0",
        "@rdfjs/types": "^1.0.1",
        "@types/n3": "^1.10.0",
        "@types/rdfjs__dataset": "^1.0.4",
        "cross-fetch": "^3.0.4",
        "http-link-header": "^1.0.2",
        "n3": "^1.10.0"
      }
    },
    "@inrupt/solid-client-authn-browser": {
      "version": "1.9.1",
      "resolved": "https://registry.npmjs.org/@inrupt/solid-client-authn-browser/-/solid-client-authn-browser-1.9.1.tgz",
      "integrity": "sha512-akQ6zJ1+861g9d9SD2E7Fo5BfvEv16FLeuj/tUI/41Q1WCNvVNq+5F2XD3t2nwGrVpk703QcwbptTY5kH5T7Ow==",
      "requires": {
        "@inrupt/jose-legacy-modules": "0.0.3-3.13.0",
        "@inrupt/oidc-client-ext": "^1.9.1",
        "@inrupt/solid-client-authn-core": "^1.9.1",
        "@types/lodash.clonedeep": "^4.5.6",
        "@types/node": "^15.0.1",
        "@types/uuid": "^8.3.0",
        "lodash.clonedeep": "^4.5.0",
        "uuid": "^8.3.1"
      }
    },
    "@inrupt/solid-client-authn-core": {
      "version": "1.9.1",
      "resolved": "https://registry.npmjs.org/@inrupt/solid-client-authn-core/-/solid-client-authn-core-1.9.1.tgz",
      "integrity": "sha512-w3hAJPmlJhyl0LMf8GWI+pObphlki9Z2IjxXMXTd3v1sTERuZjjv45LkkctUUC8liErun4VYpcfvXJvsJHTONQ==",
      "requires": {
        "@inrupt/jose-legacy-modules": "0.0.3-3.13.0",
        "@inrupt/solid-common-vocab": "^0.5.3",
        "@types/lodash.clonedeep": "^4.5.6",
        "@types/uuid": "^8.3.0",
        "cross-fetch": "^3.0.6",
        "lodash.clonedeep": "^4.5.0",
        "uuid": "^8.3.1"
      }
    },
    "@inrupt/solid-common-vocab": {
      "version": "0.5.3",
      "resolved": "https://registry.npmjs.org/@inrupt/solid-common-vocab/-/solid-common-vocab-0.5.3.tgz",
      "integrity": "sha512-/BKKIInQaP/D6tCFOvViN2Duv2RLAbXCNpQUtQjkz3t6cbmxPBTwGuvwDLan7R+yLJhbiJmJP4yNYEw/5Zc+Rg==",
      "requires": {
        "@types/rdf-js": "4.0.0"
      }
    },
    "@inrupt/vocab-common-rdf": {
      "version": "0.7.4",
      "resolved": "https://registry.npmjs.org/@inrupt/vocab-common-rdf/-/vocab-common-rdf-0.7.4.tgz",
      "integrity": "sha512-FS5iyRV4TA8lHr5l2H8G9Ibua7DKijeHVN8w6R4w3MZs5YI6Ydaczpuf3yqPVj73Tg5LLLxlX3I4K2cf8u1fGg==",
      "requires": {
        "@types/rdf-js": "^4.0.0",
        "rdf-data-factory": "^1.0.4"
      }
    },
    "@rdfjs/data-model": {
      "version": "1.3.2",
      "resolved": "https://registry.npmjs.org/@rdfjs/data-model/-/data-model-1.3.2.tgz",
      "integrity": "sha512-nzj6yrUFhWIkPTZ+6faXfmtTttGmkEL73gxv7/nYF56IgagQKc5mSDoTaluCO/h8S9jq30JbpUJInKx9LOdOVw==",
      "requires": {
        "@types/rdf-js": "*"
      }
    },
    "@rdfjs/dataset": {
      "version": "1.1.1",
      "resolved": "https://registry.npmjs.org/@rdfjs/dataset/-/dataset-1.1.1.tgz",
      "integrity": "sha512-BNwCSvG0cz0srsG5esq6CQKJc1m8g/M0DZpLuiEp0MMpfwguXX7VeS8TCg4UUG3DV/DqEvhy83ZKSEjdsYseeA==",
      "requires": {
        "@rdfjs/data-model": "^1.2.0"
      }
    },
    "@rdfjs/types": {
      "version": "1.0.1",
      "resolved": "https://registry.npmjs.org/@rdfjs/types/-/types-1.0.1.tgz",
      "integrity": "sha512-YxVkH0XrCNG3MWeZxfg596GFe+oorTVusmNxRP6ZHTsGczZ8AGvG3UchRNkg3Fy4MyysI7vBAA5YZbESL+VmHQ==",
      "requires": {
        "@types/node": "*"
      }
    },
    "@types/lodash": {
      "version": "4.14.170",
      "resolved": "https://registry.npmjs.org/@types/lodash/-/lodash-4.14.170.tgz",
      "integrity": "sha512-bpcvu/MKHHeYX+qeEN8GE7DIravODWdACVA1ctevD8CN24RhPZIKMn9ntfAsrvLfSX3cR5RrBKAbYm9bGs0A+Q=="
    },
    "@types/lodash.clonedeep": {
      "version": "4.5.6",
      "resolved": "https://registry.npmjs.org/@types/lodash.clonedeep/-/lodash.clonedeep-4.5.6.tgz",
      "integrity": "sha512-cE1jYr2dEg1wBImvXlNtp0xDoS79rfEdGozQVgliDZj1uERH4k+rmEMTudP9b4VQ8O6nRb5gPqft0QzEQGMQgA==",
      "requires": {
        "@types/lodash": "*"
      }
    },
    "@types/n3": {
      "version": "1.10.0",
      "resolved": "https://registry.npmjs.org/@types/n3/-/n3-1.10.0.tgz",
      "integrity": "sha512-PTr6D6IV3l+dG0Og6E2vHVyXNAyOjEPEz1si3htgo9bkgjIj+9HDS68cbXjAxH7P5bDzyL1Cu5yaHZwjKYtLAw==",
      "requires": {
        "@types/node": "*",
        "rdf-js": "^4.0.2"
      }
    },
    "@types/node": {
      "version": "15.14.1",
      "resolved": "https://registry.npmjs.org/@types/node/-/node-15.14.1.tgz",
      "integrity": "sha512-wF6hazbsnwaW3GhK4jFuw5NaLDQVRQ6pWQUGAUrJzxixFkTaODSiAKMPXuHwPEPkAKQWHAzj6uJ5h+3zU9gQxg=="
    },
    "@types/rdf-js": {
      "version": "4.0.0",
      "resolved": "https://registry.npmjs.org/@types/rdf-js/-/rdf-js-4.0.0.tgz",
      "integrity": "sha512-2uaR7ks0380MqzUWGOPOOk9yZIr/6MOaCcaj3ntKgd2PqNocgi8j5kSHIJTDe+5ABtTHqKMSE0v0UqrsT8ibgQ==",
      "requires": {
        "@types/node": "*"
      }
    },
    "@types/rdfjs__dataset": {
      "version": "1.0.5",
      "resolved": "https://registry.npmjs.org/@types/rdfjs__dataset/-/rdfjs__dataset-1.0.5.tgz",
      "integrity": "sha512-8OBC9Kr/ZSgNoUTe5mHTDPHaPt8Xen4XbYfqcbYv56d+4WdKliHXaFmFc0L4I5vsynE5JGu21Hvg2zWgX1Az6Q==",
      "requires": {
        "rdf-js": "^4.0.2"
      }
    },
    "@types/uuid": {
      "version": "8.3.1",
      "resolved": "https://registry.npmjs.org/@types/uuid/-/uuid-8.3.1.tgz",
      "integrity": "sha512-Y2mHTRAbqfFkpjldbkHGY8JIzRN6XqYRliG8/24FcHm2D2PwW24fl5xMRTVGdrb7iMrwCaIEbLWerGIkXuFWVg=="
    },
    "acorn": {
      "version": "7.4.1",
      "resolved": "https://registry.npmjs.org/acorn/-/acorn-7.4.1.tgz",
      "integrity": "sha512-nQyp0o1/mNdbTO1PO6kHkwSrmgZ0MT/jCCpNiwbUjGoRN4dlBhqJtoQuCnEOKzgTVwg0ZWiCoQy6SxMebQVh8A=="
    },
    "base64-js": {
      "version": "1.5.1",
      "resolved": "https://registry.npmjs.org/base64-js/-/base64-js-1.5.1.tgz",
      "integrity": "sha512-AKpaYlHn8t4SVbOHCy+b5+KKgvR4vrsD8vbvrbiQJps7fKDTkjkDry6ji0rUJjC0kzbNePLwzxq8iypo41qeWA=="
    },
    "buffer": {
      "version": "6.0.3",
      "resolved": "https://registry.npmjs.org/buffer/-/buffer-6.0.3.tgz",
      "integrity": "sha512-FTiCpNxtwiZZHEZbcbTIcZjERVICn9yq/pDFkTl95/AxzD1naBctN7YO68riM/gLSDY7sdrMby8hofADYuuqOA==",
      "requires": {
        "base64-js": "^1.3.1",
        "ieee754": "^1.2.1"
      }
    },
    "core-js": {
      "version": "3.15.2",
      "resolved": "https://registry.npmjs.org/core-js/-/core-js-3.15.2.tgz",
      "integrity": "sha512-tKs41J7NJVuaya8DxIOCnl8QuPHx5/ZVbFo1oKgVl1qHFBBrDctzQGtuLjPpRdNTWmKPH6oEvgN/MUID+l485Q=="
    },
    "cross-fetch": {
      "version": "3.1.4",
      "resolved": "https://registry.npmjs.org/cross-fetch/-/cross-fetch-3.1.4.tgz",
      "integrity": "sha512-1eAtFWdIubi6T4XPy6ei9iUFoKpUkIF971QLN8lIvvvwueI65+Nw5haMNKUwfJxabqlIIDODJKGrQ66gxC0PbQ==",
      "requires": {
        "node-fetch": "2.6.1"
      }
    },
    "crypto-js": {
      "version": "4.0.0",
      "resolved": "https://registry.npmjs.org/crypto-js/-/crypto-js-4.0.0.tgz",
      "integrity": "sha512-bzHZN8Pn+gS7DQA6n+iUmBfl0hO5DJq++QP3U6uTucDtk/0iGpXd/Gg7CGR0p8tJhofJyaKoWBuJI4eAO00BBg=="
    },
    "events": {
      "version": "3.3.0",
      "resolved": "https://registry.npmjs.org/events/-/events-3.3.0.tgz",
      "integrity": "sha512-mQw+2fkQbALzQ7V0MY0IqdnXNOeTtP4r0lN9z7AAawCXgqea7bDii20AYrIBrFd/Hx0M2Ocz6S111CaFkUcb0Q=="
    },
    "form-urlencoded": {
      "version": "6.0.4",
      "resolved": "https://registry.npmjs.org/form-urlencoded/-/form-urlencoded-6.0.4.tgz",
      "integrity": "sha512-39GnqmnZkThJBXiKhBCrBGPKiwFHDgi3lcGO3SfURjXoz9x8quxNRTiIWViYN+QzQXxxl/uyKm+i+0PCj7Aqbw=="
    },
    "http-link-header": {
      "version": "1.0.3",
      "resolved": "https://registry.npmjs.org/http-link-header/-/http-link-header-1.0.3.tgz",
      "integrity": "sha512-nARK1wSKoBBrtcoESlHBx36c1Ln/gnbNQi1eB6MeTUefJIT3NvUOsV15bClga0k38f0q/kN5xxrGSDS3EFnm9w=="
    },
    "ieee754": {
      "version": "1.2.1",
      "resolved": "https://registry.npmjs.org/ieee754/-/ieee754-1.2.1.tgz",
      "integrity": "sha512-dcyqhDvX1C46lXZcVqCpK+FtMRQVdIMN6/Df5js2zouUsqG7I6sFxitIC+7KYK29KdXOLHdu9zL4sFnoVQnqaA=="
    },
    "inherits": {
      "version": "2.0.4",
      "resolved": "https://registry.npmjs.org/inherits/-/inherits-2.0.4.tgz",
      "integrity": "sha512-k/vGaX4/Yla3WzyMCvTQOXYeIHvqOKtnqBduzTHpzpQZzAskKMhZ2K+EnBiSM9zGSoIFeMpXKxa4dYeZIQqewQ=="
    },
    "jose": {
      "version": "3.13.0",
      "resolved": "https://registry.npmjs.org/jose/-/jose-3.13.0.tgz",
      "integrity": "sha512-tTZayOvpOX8y/W7FuCL6Sma9sElbA80ImDck86a6ge70lyBpQngx557PtP9Aro4SLEOPtZVVxM1P/boPzy+m7A=="
    },
    "lodash.clonedeep": {
      "version": "4.5.0",
      "resolved": "https://registry.npmjs.org/lodash.clonedeep/-/lodash.clonedeep-4.5.0.tgz",
      "integrity": "sha1-4j8/nE+Pvd6HJSnBBxhXoIblzO8="
    },
    "n3": {
      "version": "1.11.0",
      "resolved": "https://registry.npmjs.org/n3/-/n3-1.11.0.tgz",
      "integrity": "sha512-hdGhm7BbiesuQTm2S4Gsq2Z0J/iCRMsvtmrlLNxzXlnf1aSRsbKQk5XkFNKtX9aS54oKzyGSZUVm7F/IOhmFhg==",
      "requires": {
        "queue-microtask": "^1.1.2",
        "readable-stream": "^3.6.0"
      }
    },
    "node-fetch": {
      "version": "2.6.1",
      "resolved": "https://registry.npmjs.org/node-fetch/-/node-fetch-2.6.1.tgz",
      "integrity": "sha512-V4aYg89jEoVRxRb2fJdAg8FHvI7cEyYdVAh94HH0UIK8oJxUfkjlDQN9RbMx+bEjP7+ggMiFRprSti032Oipxw=="
    },
    "oidc-client": {
      "version": "1.11.5",
      "resolved": "https://registry.npmjs.org/oidc-client/-/oidc-client-1.11.5.tgz",
      "integrity": "sha512-LcKrKC8Av0m/KD/4EFmo9Sg8fSQ+WFJWBrmtWd+tZkNn3WT/sQG3REmPANE9tzzhbjW6VkTNy4xhAXCfPApAOg==",
      "requires": {
        "acorn": "^7.4.1",
        "base64-js": "^1.5.1",
        "core-js": "^3.8.3",
        "crypto-js": "^4.0.0",
        "serialize-javascript": "^4.0.0"
      }
    },
    "queue-microtask": {
      "version": "1.2.3",
      "resolved": "https://registry.npmjs.org/queue-microtask/-/queue-microtask-1.2.3.tgz",
      "integrity": "sha512-NuaNSa6flKT5JaSYQzJok04JzTL1CA6aGhv5rfLW3PgqA+M2ChpZQnAC8h8i4ZFkBS8X5RqkDBHA7r4hej3K9A=="
    },
    "randombytes": {
      "version": "2.1.0",
      "resolved": "https://registry.npmjs.org/randombytes/-/randombytes-2.1.0.tgz",
      "integrity": "sha512-vYl3iOX+4CKUWuxGi9Ukhie6fsqXqS9FE2Zaic4tNFD2N2QQaXOMFbuKK4QmDHC0JO6B1Zp41J0LpT0oR68amQ==",
      "requires": {
        "safe-buffer": "^5.1.0"
      }
    },
    "rdf-data-factory": {
      "version": "1.0.4",
      "resolved": "https://registry.npmjs.org/rdf-data-factory/-/rdf-data-factory-1.0.4.tgz",
      "integrity": "sha512-ZIIwEkLcV7cTc+atvQFzAETFVRHz1BRe/MhdkZqYse8vxskErj8/bF/Ittc3B5c0GTyw6O3jVF2V7xBRGyRoSQ==",
      "requires": {
        "@types/rdf-js": "*"
      }
    },
    "rdf-js": {
      "version": "4.0.2",
      "resolved": "https://registry.npmjs.org/rdf-js/-/rdf-js-4.0.2.tgz",
      "integrity": "sha512-ApvlFa/WsQh8LpPK/6hctQwG06Z9ztQQGWVtrcrf9L6+sejHNXLPOqL+w7q3hF+iL0C4sv3AX1PUtGkLNzyZ0Q==",
      "requires": {
        "@rdfjs/types": "*"
      }
    },
    "readable-stream": {
      "version": "3.6.0",
      "resolved": "https://registry.npmjs.org/readable-stream/-/readable-stream-3.6.0.tgz",
      "integrity": "sha512-BViHy7LKeTz4oNnkcLJ+lVSL6vpiFeX6/d3oSH8zCW7UxP2onchk+vTGB143xuFjHS3deTgkKoXXymXqymiIdA==",
      "requires": {
        "inherits": "^2.0.3",
        "string_decoder": "^1.1.1",
        "util-deprecate": "^1.0.1"
      }
    },
    "safe-buffer": {
      "version": "5.2.1",
      "resolved": "https://registry.npmjs.org/safe-buffer/-/safe-buffer-5.2.1.tgz",
      "integrity": "sha512-rp3So07KcdmmKbGvgaNxQSJr7bGVSVk5S9Eq1F+ppbRo70+YeaDxkw5Dd8NPN+GD6bjnYm2VuPuCXmpuYvmCXQ=="
    },
    "serialize-javascript": {
      "version": "4.0.0",
      "resolved": "https://registry.npmjs.org/serialize-javascript/-/serialize-javascript-4.0.0.tgz",
      "integrity": "sha512-GaNA54380uFefWghODBWEGisLZFj00nS5ACs6yHa9nLqlLpVLO8ChDGeKRjZnV4Nh4n0Qi7nhYZD/9fCPzEqkw==",
      "requires": {
        "randombytes": "^2.1.0"
      }
    },
    "string_decoder": {
      "version": "1.3.0",
      "resolved": "https://registry.npmjs.org/string_decoder/-/string_decoder-1.3.0.tgz",
      "integrity": "sha512-hkRX8U1WjJFd8LsDJ2yQ/wWWxaopEsABU1XfkM8A+j0+85JAGppt16cr1Whg6KIbb4okU6Mql6BOj+uup/wKeA==",
      "requires": {
        "safe-buffer": "~5.2.0"
      }
    },
    "util-deprecate": {
      "version": "1.0.2",
      "resolved": "https://registry.npmjs.org/util-deprecate/-/util-deprecate-1.0.2.tgz",
      "integrity": "sha1-RQ1Nyfpw3nMnYvvS1KKJgUGaDM8="
    },
    "uuid": {
      "version": "8.3.2",
      "resolved": "https://registry.npmjs.org/uuid/-/uuid-8.3.2.tgz",
      "integrity": "sha512-+NYs2QeMWy+GWFOEm9xnn6HCDp0l7QBD7ml8zLUmJ+93Q5NF0NocErnwkTkXVFNiX3/fpC6afS8Dhb/gz7R7eg=="
    }
  }
}
